
Microsoft Visual Studio Solution File, Format Version 12.00
# Visual Studio Version 17
VisualStudioVersion = 17.5.33424.131
MinimumVisualStudioVersion = 10.0.40219.1
Project("{FAE04EC0-301F-11D3-BF4B-00C04F79EFBC}") = "ProductManagementWebApi", "ProductManagementWebApi\ProductManagementWebApi.csproj", "{62398C8C-27A8-4D51-88F0-2D33F6D0149A}"
EndProject
Global
	GlobalSection(SolutionConfigurationPlatforms) = preSolution
		Debug|Any CPU = Debug|Any CPU
		Release|Any CPU = Release|Any CPU
	EndGlobalSection
	GlobalSection(ProjectConfigurationPlatforms) = postSolution
		{62398C8C-27A8-4D51-88F0-2D33F6D0149A}.Debug|Any CPU.ActiveCfg = Debug|Any CPU
		{62398C8C-27A8-4D51-88F0-2D33F6D0149A}.Debug|Any CPU.Build.0 = Debug|Any CPU
		{62398C8C-27A8-4D51-88F0-2D33F6D0149A}.Release|Any CPU.ActiveCfg = Release|Any CPU
		{62398C8C-27A8-4D51-88F0-2D33F6D0149A}.Release|Any CPU.Build.0 = Release|Any CPU
	EndGlobalSection
	GlobalSection(SolutionProperties) = preSolution
		HideSolutionNode = FALSE
	EndGlobalSection
	GlobalSection(ExtensibilityGlobals) = postSolution
		SolutionGuid = {453BA2B0-77B6-4011-BD6D-785B61CD746A}
	EndGlobalSection
EndGlobal
